
Microsoft Visual Studio Solution File, Format Version 12.00
# Visual Studio Version 17
VisualStudioVersion = 17.11.35327.3
MinimumVisualStudioVersion = 10.0.40219.1
Project("{8BC9CEB8-8B4A-11D0-8D11-00A0C91BC942}") = "LinkedList", "LinkedList\LinkedList.vcxproj", "{E54BF61A-F3E2-4457-945B-3B4593F9B109}"
EndProject
Global
	GlobalSection(SolutionConfigurationPlatforms) = preSolution
		Debug|x64 = Debug|x64
		Debug|x86 = Debug|x86
		Release|x64 = Release|x64
		Release|x86 = Release|x86
	EndGlobalSection
	GlobalSection(ProjectConfigurationPlatforms) = postSolution
		{E54BF61A-F3E2-4457-945B-3B4593F9B109}.Debug|x64.ActiveCfg = Debug|x64
		{E54BF61A-F3E2-4457-945B-3B4593F9B109}.Debug|x64.Build.0 = Debug|x64
		{E54BF61A-F3E2-4457-945B-3B4593F9B109}.Debug|x86.ActiveCfg = Debug|Win32
		{E54BF61A-F3E2-4457-945B-3B4593F9B109}.Debug|x86.Build.0 = Debug|Win32
		{E54BF61A-F3E2-4457-945B-3B4593F9B109}.Release|x64.ActiveCfg = Release|x64
		{E54BF61A-F3E2-4457-945B-3B4593F9B109}.Release|x64.Build.0 = Release|x64
		{E54BF61A-F3E2-4457-945B-3B4593F9B109}.Release|x86.ActiveCfg = Release|Win32
		{E54BF61A-F3E2-4457-945B-3B4593F9B109}.Release|x86.Build.0 = Release|Win32
	EndGlobalSection
	GlobalSection(SolutionProperties) = preSolution
		HideSolutionNode = FALSE
	EndGlobalSection
	GlobalSection(ExtensibilityGlobals) = postSolution
		SolutionGuid = {A7FE9A4C-C2B3-45E0-9327-32E585E37F84}
	EndGlobalSection
EndGlobal
